// !$*UTF8*$!
{
	archiveVersion = 1;
	classes = {
	};
	objectVersion = 50;
	objects = {

/* Begin PBXBuildFile section */
		08C73CB622601E7D00F64C98 /* AppDelegate.swift in Sources */ = {isa = PBXBuildFile; fileRef = 08C73CB522601E7D00F64C98 /* AppDelegate.swift */; };
		08C73CB822601E7D00F64C98 /* ViewController.swift in Sources */ = {isa = PBXBuildFile; fileRef = 08C73CB722601E7D00F64C98 /* ViewController.swift */; };
		08C73CBB22601E7D00F64C98 /* Main.storyboard in Resources */ = {isa = PBXBuildFile; fileRef = 08C73CB922601E7D00F64C98 /* Main.storyboard */; };
		08C73CBD22601E7E00F64C98 /* Assets.xcassets in Resources */ = {isa = PBXBuildFile; fileRef = 08C73CBC22601E7E00F64C98 /* Assets.xcassets */; };
		08C73CC022601E7E00F64C98 /* LaunchScreen.storyboard in Resources */ = {isa = PBXBuildFile; fileRef = 08C73CBE22601E7E00F64C98 /* LaunchScreen.storyboard */; };
		08C73CCB22601E7E00F64C98 /* MovieQueueTests.swift in Sources */ = {isa = PBXBuildFile; fileRef = 08C73CCA22601E7E00F64C98 /* MovieQueueTests.swift */; };
		08C73CD622601E7E00F64C98 /* MovieQueueUITests.swift in Sources */ = {isa = PBXBuildFile; fileRef = 08C73CD522601E7E00F64C98 /* MovieQueueUITests.swift */; };
/* End PBXBuildFile section */

/* Begin PBXContainerItemProxy section */
		08C73CC722601E7E00F64C98 /* PBXContainerItemProxy */ = {
			isa = PBXContainerItemProxy;
			containerPortal = 08C73CAA22601E7D00F64C98 /* Project object */;
			proxyType = 1;
			remoteGlobalIDString = 08C73CB122601E7D00F64C98;
			remoteInfo = MovieQueue;
		};
		08C73CD222601E7E00F64C98 /* PBXContainerItemProxy */ = {
			isa = PBXContainerItemProxy;
			containerPortal = 08C73CAA22601E7D00F64C98 /* Project object */;
			proxyType = 1;
			remoteGlobalIDString = 08C73CB122601E7D00F64C98;
			remoteInfo = MovieQueue;
		};
/* End PBXContainerItemProxy section */

/* Begin PBXFileReference section */
		08C73CB222601E7D00F64C98 /* MovieQueue.app */ = {isa = PBXFileReference; explicitFileType = wrapper.application; includeInIndex = 0; path = MovieQueue.app; sourceTree = BUILT_PRODUCTS_DIR; };
		08C73CB522601E7D00F64C98 /* AppDelegate.swift */ = {isa = PBXFileReference; lastKnownFileType = sourcecode.swift; path = AppDelegate.swift; sourceTree = "<group>"; };
		08C73CB722601E7D00F64C98 /* ViewController.swift */ = {isa = PBXFileReference; lastKnownFileType = sourcecode.swift; path = ViewController.swift; sourceTree = "<group>"; };
		08C73CBA22601E7D00F64C98 /* Base */ = {isa = PBXFileReference; lastKnownFileType = file.storyboard; name = Base; path = Base.lproj/Main.storyboard; sourceTree = "<group>"; };
		08C73CBC22601E7E00F64C98 /* Assets.xcassets */ = {isa = PBXFileReference; lastKnownFileType = folder.assetcatalog; path = Assets.xcassets; sourceTree = "<group>"; };
		08C73CBF22601E7E00F64C98 /* Base */ = {isa = PBXFileReference; lastKnownFileType = file.storyboard; name = Base; path = Base.lproj/LaunchScreen.storyboard; sourceTree = "<group>"; };
		08C73CC122601E7E00F64C98 /* Info.plist */ = {isa = PBXFileReference; lastKnownFileType = text.plist.xml; path = Info.plist; sourceTree = "<group>"; };
		08C73CC622601E7E00F64C98 /* MovieQueueTests.xctest */ = {isa = PBXFileReference; explicitFileType = wrapper.cfbundle; includeInIndex = 0; path = MovieQueueTests.xctest; sourceTree = BUILT_PRODUCTS_DIR; };
		08C73CCA22601E7E00F64C98 /* MovieQueueTests.swift */ = {isa = PBXFileReference; lastKnownFileType = sourcecode.swift; path = MovieQueueTests.swift; sourceTree = "<group>"; };
		08C73CCC22601E7E00F64C98 /* Info.plist */ = {isa = PBXFileReference; lastKnownFileType = text.plist.xml; path = Info.plist; sourceTree = "<group>"; };
		08C73CD122601E7E00F64C98 /* MovieQueueUITests.xctest */ = {isa = PBXFileReference; explicitFileType = wrapper.cfbundle; includeInIndex = 0; path = MovieQueueUITests.xctest; sourceTree = BUILT_PRODUCTS_DIR; };
		08C73CD522601E7E00F64C98 /* MovieQueueUITests.swift */ = {isa = PBXFileReference; lastKnownFileType = sourcecode.swift; path = MovieQueueUITests.swift; sourceTree = "<group>"; };
		08C73CD722601E7E00F64C98 /* Info.plist */ = {isa = PBXFileReference; lastKnownFileType = text.plist.xml; path = Info.plist; sourceTree = "<group>"; };
/* End PBXFileReference section */

/* Begin PBXFrameworksBuildPhase section */
		08C73CAF22601E7D00F64C98 /* Frameworks */ = {
			isa = PBXFrameworksBuildPhase;
			buildActionMask = 2147483647;
			files = (
			);
			runOnlyForDeploymentPostprocessing = 0;
		};
		08C73CC322601E7E00F64C98 /* Frameworks */ = {
			isa = PBXFrameworksBuildPhase;
			buildActionMask = 2147483647;
			files = (
			);
			runOnlyForDeploymentPostprocessing = 0;
		};
		08C73CCE22601E7E00F64C98 /* Frameworks */ = {
			isa = PBXFrameworksBuildPhase;
			buildActionMask = 2147483647;
			files = (
			);
			runOnlyForDeploymentPostprocessing = 0;
		};
/* End PBXFrameworksBuildPhase section */

/* Begin PBXGroup section */
		08C73CA922601E7D00F64C98 = {
			isa = PBXGroup;
			children = (
				08C73CB422601E7D00F64C98 /* MovieQueue */,
				08C73CC922601E7E00F64C98 /* MovieQueueTests */,
				08C73CD422601E7E00F64C98 /* MovieQueueUITests */,
				08C73CB322601E7D00F64C98 /* Products */,
			);
			sourceTree = "<group>";
		};
		08C73CB322601E7D00F64C98 /* Products */ = {
			isa = PBXGroup;
			children = (
				08C73CB222601E7D00F64C98 /* MovieQueue.app */,
				08C73CC622601E7E00F64C98 /* MovieQueueTests.xctest */,
				08C73CD122601E7E00F64C98 /* MovieQueueUITests.xctest */,
			);
			name = Products;
			sourceTree = "<group>";
		};
		08C73CB422601E7D00F64C98 /* MovieQueue */ = {
			isa = PBXGroup;
			children = (
				08C73CB522601E7D00F64C98 /* AppDelegate.swift */,
				08C73CB722601E7D00F64C98 /* ViewController.swift */,
				08C73CB922601E7D00F64C98 /* Main.storyboard */,
				08C73CBC22601E7E00F64C98 /* Assets.xcassets */,
				08C73CBE22601E7E00F64C98 /* LaunchScreen.storyboard */,
				08C73CC122601E7E00F64C98 /* Info.plist */,
			);
			path = MovieQueue;
			sourceTree = "<group>";
		};
		08C73CC922601E7E00F64C98 /* MovieQueueTests */ = {
			isa = PBXGroup;
			children = (
				08C73CCA22601E7E00F64C98 /* MovieQueueTests.swift */,
				08C73CCC22601E7E00F64C98 /* Info.plist */,
			);
			path = MovieQueueTests;
			sourceTree = "<group>";
		};
		08C73CD422601E7E00F64C98 /* MovieQueueUITests */ = {
			isa = PBXGroup;
			children = (
				08C73CD522601E7E00F64C98 /* MovieQueueUITests.swift */,
				08C73CD722601E7E00F64C98 /* Info.plist */,
			);
			path = MovieQueueUITests;
			sourceTree = "<group>";
		};
/* End PBXGroup section */

/* Begin PBXNativeTarget section */
		08C73CB122601E7D00F64C98 /* MovieQueue */ = {
			isa = PBXNativeTarget;
			buildConfigurationList = 08C73CDA22601E7E00F64C98 /* Build configuration list for PBXNativeTarget "MovieQueue" */;
			buildPhases = (
				08C73CAE22601E7D00F64C98 /* Sources */,
				08C73CAF22601E7D00F64C98 /* Frameworks */,
				08C73CB022601E7D00F64C98 /* Resources */,
			);
			buildRules = (
			);
			dependencies = (
			);
			name = MovieQueue;
			productName = MovieQueue;
			productReference = 08C73CB222601E7D00F64C98 /* MovieQueue.app */;
			productType = "com.apple.product-type.application";
		};
		08C73CC522601E7E00F64C98 /* MovieQueueTests */ = {
			isa = PBXNativeTarget;
			buildConfigurationList = 08C73CDD22601E7E00F64C98 /* Build configuration list for PBXNativeTarget "MovieQueueTests" */;
			buildPhases = (
				08C73CC222601E7E00F64C98 /* Sources */,
				08C73CC322601E7E00F64C98 /* Frameworks */,
				08C73CC422601E7E00F64C98 /* Resources */,
			);
			buildRules = (
			);
			dependencies = (
				08C73CC822601E7E00F64C98 /* PBXTargetDependency */,
			);
			name = MovieQueueTests;
			productName = MovieQueueTests;
			productReference = 08C73CC622601E7E00F64C98 /* MovieQueueTests.xctest */;
			productType = "com.apple.product-type.bundle.unit-test";
		};
		08C73CD022601E7E00F64C98 /* MovieQueueUITests */ = {
			isa = PBXNativeTarget;
			buildConfigurationList = 08C73CE022601E7E00F64C98 /* Build configuration list for PBXNativeTarget "MovieQueueUITests" */;
			buildPhases = (
				08C73CCD22601E7E00F64C98 /* Sources */,
				08C73CCE22601E7E00F64C98 /* Frameworks */,
				08C73CCF22601E7E00F64C98 /* Resources */,
			);
			buildRules = (
			);
			dependencies = (
				08C73CD322601E7E00F64C98 /* PBXTargetDependency */,
			);
			name = MovieQueueUITests;
			productName = MovieQueueUITests;
			productReference = 08C73CD122601E7E00F64C98 /* MovieQueueUITests.xctest */;
			productType = "com.apple.product-type.bundle.ui-testing";
		};
/* End PBXNativeTarget section */

/* Begin PBXProject section */
		08C73CAA22601E7D00F64C98 /* Project object */ = {
			isa = PBXProject;
			attributes = {
				LastSwiftUpdateCheck = 1020;
				LastUpgradeCheck = 1020;
				ORGANIZATIONNAME = "Susan Zheng";
				TargetAttributes = {
					08C73CB122601E7D00F64C98 = {
						CreatedOnToolsVersion = 10.2;
					};
					08C73CC522601E7E00F64C98 = {
						CreatedOnToolsVersion = 10.2;
						TestTargetID = 08C73CB122601E7D00F64C98;
					};
					08C73CD022601E7E00F64C98 = {
						CreatedOnToolsVersion = 10.2;
						TestTargetID = 08C73CB122601E7D00F64C98;
					};
				};
			};
			buildConfigurationList = 08C73CAD22601E7D00F64C98 /* Build configuration list for PBXProject "MovieQueue" */;
			compatibilityVersion = "Xcode 9.3";
			developmentRegion = en;
			hasScannedForEncodings = 0;
			knownRegions = (
				en,
				Base,
			);
			mainGroup = 08C73CA922601E7D00F64C98;
			productRefGroup = 08C73CB322601E7D00F64C98 /* Products */;
			projectDirPath = "";
			projectRoot = "";
			targets = (
				08C73CB122601E7D00F64C98 /* MovieQueue */,
				08C73CC522601E7E00F64C98 /* MovieQueueTests */,
				08C73CD022601E7E00F64C98 /* MovieQueueUITests */,
			);
		};
/* End PBXProject section */

/* Begin PBXResourcesBuildPhase section */
		08C73CB022601E7D00F64C98 /* Resources */ = {
			isa = PBXResourcesBuildPhase;
			buildActionMask = 2147483647;
			files = (
				08C73CC022601E7E00F64C98 /* LaunchScreen.storyboard in Resources */,
				08C73CBD22601E7E00F64C98 /* Assets.xcassets in Resources */,
				08C73CBB22601E7D00F64C98 /* Main.storyboard in Resources */,
			);
			runOnlyForDeploymentPostprocessing = 0;
		};
		08C73CC422601E7E00F64C98 /* Resources */ = {
			isa = PBXResourcesBuildPhase;
			buildActionMask = 2147483647;
			files = (
			);
			runOnlyForDeploymentPostprocessing = 0;
		};
		08C73CCF22601E7E00F64C98 /* Resources */ = {
			isa = PBXResourcesBuildPhase;
			buildActionMask = 2147483647;
			files = (
			);
			runOnlyForDeploymentPostprocessing = 0;
		};
/* End PBXResourcesBuildPhase section */

/* Begin PBXSourcesBuildPhase section */
		08C73CAE22601E7D00F64C98 /* Sources */ = {
			isa = PBXSourcesBuildPhase;
			buildActionMask = 2147483647;
			files = (
				08C73CB822601E7D00F64C98 /* ViewController.swift in Sources */,
				08C73CB622601E7D00F64C98 /* AppDelegate.swift in Sources */,
			);
			runOnlyForDeploymentPostprocessing = 0;
		};
		08C73CC222601E7E00F64C98 /* Sources */ = {
			isa = PBXSourcesBuildPhase;
			buildActionMask = 2147483647;
			files = (
				08C73CCB22601E7E00F64C98 /* MovieQueueTests.swift in Sources */,
			);
			runOnlyForDeploymentPostprocessing = 0;
		};
		08C73CCD22601E7E00F64C98 /* Sources */ = {
			isa = PBXSourcesBuildPhase;
			buildActionMask = 2147483647;
			files = (
				08C73CD622601E7E00F64C98 /* MovieQueueUITests.swift in Sources */,
			);
			runOnlyForDeploymentPostprocessing = 0;
		};
/* End PBXSourcesBuildPhase section */

/* Begin PBXTargetDependency section */
		08C73CC822601E7E00F64C98 /* PBXTargetDependency */ = {
			isa = PBXTargetDependency;
			target = 08C73CB122601E7D00F64C98 /* MovieQueue */;
			targetProxy = 08C73CC722601E7E00F64C98 /* PBXContainerItemProxy */;
		};
		08C73CD322601E7E00F64C98 /* PBXTargetDependency */ = {
			isa = PBXTargetDependency;
			target = 08C73CB122601E7D00F64C98 /* MovieQueue */;
			targetProxy = 08C73CD222601E7E00F64C98 /* PBXContainerItemProxy */;
		};
/* End PBXTargetDependency section */

/* Begin PBXVariantGroup section */
		08C73CB922601E7D00F64C98 /* Main.storyboard */ = {
			isa = PBXVariantGroup;
			children = (
				08C73CBA22601E7D00F64C98 /* Base */,
			);
			name = Main.storyboard;
			sourceTree = "<group>";
		};
		08C73CBE22601E7E00F64C98 /* LaunchScreen.storyboard */ = {
			isa = PBXVariantGroup;
			children = (
				08C73CBF22601E7E00F64C98 /* Base */,
			);
			name = LaunchScreen.storyboard;
			sourceTree = "<group>";
		};
/* End PBXVariantGroup section */

/* Begin XCBuildConfiguration section */
		08C73CD822601E7E00F64C98 /* Debug */ = {
			isa = XCBuildConfiguration;
			buildSettings = {
				ALWAYS_SEARCH_USER_PATHS = NO;
				CLANG_ANALYZER_NONNULL = YES;
				CLANG_ANALYZER_NUMBER_OBJECT_CONVERSION = YES_AGGRESSIVE;
				CLANG_CXX_LANGUAGE_STANDARD = "gnu++14";
				CLANG_CXX_LIBRARY = "libc++";
				CLANG_ENABLE_MODULES = YES;
				CLANG_ENABLE_OBJC_ARC = YES;
				CLANG_ENABLE_OBJC_WEAK = YES;
				CLANG_WARN_BLOCK_CAPTURE_AUTORELEASING = YES;
				CLANG_WARN_BOOL_CONVERSION = YES;
				CLANG_WARN_COMMA = YES;
				CLANG_WARN_CONSTANT_CONVERSION = YES;
				CLANG_WARN_DEPRECATED_OBJC_IMPLEMENTATIONS = YES;
				CLANG_WARN_DIRECT_OBJC_ISA_USAGE = YES_ERROR;
				CLANG_WARN_DOCUMENTATION_COMMENTS = YES;
				CLANG_WARN_EMPTY_BODY = YES;
				CLANG_WARN_ENUM_CONVERSION = YES;
				CLANG_WARN_INFINITE_RECURSION = YES;
				CLANG_WARN_INT_CONVERSION = YES;
				CLANG_WARN_NON_LITERAL_NULL_CONVERSION = YES;
				CLANG_WARN_OBJC_IMPLICIT_RETAIN_SELF = YES;
				CLANG_WARN_OBJC_LITERAL_CONVERSION = YES;
				CLANG_WARN_OBJC_ROOT_CLASS = YES_ERROR;
				CLANG_WARN_RANGE_LOOP_ANALYSIS = YES;
				CLANG_WARN_STRICT_PROTOTYPES = YES;
				CLANG_WARN_SUSPICIOUS_MOVE = YES;
				CLANG_WARN_UNGUARDED_AVAILABILITY = YES_AGGRESSIVE;
				CLANG_WARN_UNREACHABLE_CODE = YES;
				CLANG_WARN__DUPLICATE_METHOD_MATCH = YES;
				CODE_SIGN_IDENTITY = "iPhone Developer";
				COPY_PHASE_STRIP = NO;
				DEBUG_INFORMATION_FORMAT = dwarf;
				ENABLE_STRICT_OBJC_MSGSEND = YES;
				ENABLE_TESTABILITY = YES;
				GCC_C_LANGUAGE_STANDARD = gnu11;
				GCC_DYNAMIC_NO_PIC = NO;
				GCC_NO_COMMON_BLOCKS = YES;
				GCC_OPTIMIZATION_LEVEL = 0;
				GCC_PREPROCESSOR_DEFINITIONS = (
					"DEBUG=1",
					"$(inherited)",
				);
				GCC_WARN_64_TO_32_BIT_CONVERSION = YES;
				GCC_WARN_ABOUT_RETURN_TYPE = YES_ERROR;
				GCC_WARN_UNDECLARED_SELECTOR = YES;
				GCC_WARN_UNINITIALIZED_AUTOS = YES_AGGRESSIVE;
				GCC_WARN_UNUSED_FUNCTION = YES;
				GCC_WARN_UNUSED_VARIABLE = YES;
				IPHONEOS_DEPLOYMENT_TARGET = 12.2;
				MTL_ENABLE_DEBUG_INFO = INCLUDE_SOURCE;
				MTL_FAST_MATH = YES;
				ONLY_ACTIVE_ARCH = YES;
				SDKROOT = iphoneos;
				SWIFT_ACTIVE_COMPILATION_CONDITIONS = DEBUG;
				SWIFT_OPTIMIZATION_LEVEL = "-Onone";
			};
			name = Debug;
		};
		08C73CD922601E7E00F64C98 /* Release */ = {
			isa = XCBuildConfiguration;
			buildSettings = {
				ALWAYS_SEARCH_USER_PATHS = NO;
				CLANG_ANALYZER_NONNULL = YES;
				CLANG_ANALYZER_NUMBER_OBJECT_CONVERSION = YES_AGGRESSIVE;
				CLANG_CXX_LANGUAGE_STANDARD = "gnu++14";
				CLANG_CXX_LIBRARY = "libc++";
				CLANG_ENABLE_MODULES = YES;
				CLANG_ENABLE_OBJC_ARC = YES;
				CLANG_ENABLE_OBJC_WEAK = YES;
				CLANG_WARN_BLOCK_CAPTURE_AUTORELEASING = YES;
				CLANG_WARN_BOOL_CONVERSION = YES;
				CLANG_WARN_COMMA = YES;
				CLANG_WARN_CONSTANT_CONVERSION = YES;
				CLANG_WARN_DEPRECATED_OBJC_IMPLEMENTATIONS = YES;
				CLANG_WARN_DIRECT_OBJC_ISA_USAGE = YES_ERROR;
				CLANG_WARN_DOCUMENTATION_COMMENTS = YES;
				CLANG_WARN_EMPTY_BODY = YES;
				CLANG_WARN_ENUM_CONVERSION = YES;
				CLANG_WARN_INFINITE_RECURSION = YES;
				CLANG_WARN_INT_CONVERSION = YES;
				CLANG_WARN_NON_LITERAL_NULL_CONVERSION = YES;
				CLANG_WARN_OBJC_IMPLICIT_RETAIN_SELF = YES;
				CLANG_WARN_OBJC_LITERAL_CONVERSION = YES;
				CLANG_WARN_OBJC_ROOT_CLASS = YES_ERROR;
				CLANG_WARN_RANGE_LOOP_ANALYSIS = YES;
				CLANG_WARN_STRICT_PROTOTYPES = YES;
				CLANG_WARN_SUSPICIOUS_MOVE = YES;
				CLANG_WARN_UNGUARDED_AVAILABILITY = YES_AGGRESSIVE;
				CLANG_WARN_UNREACHABLE_CODE = YES;
				CLANG_WARN__DUPLICATE_METHOD_MATCH = YES;
				CODE_SIGN_IDENTITY = "iPhone Developer";
				COPY_PHASE_STRIP = NO;
				DEBUG_INFORMATION_FORMAT = "dwarf-with-dsym";
				ENABLE_NS_ASSERTIONS = NO;
				ENABLE_STRICT_OBJC_MSGSEND = YES;
				GCC_C_LANGUAGE_STANDARD = gnu11;
				GCC_NO_COMMON_BLOCKS = YES;
				GCC_WARN_64_TO_32_BIT_CONVERSION = YES;
				GCC_WARN_ABOUT_RETURN_TYPE = YES_ERROR;
				GCC_WARN_UNDECLARED_SELECTOR = YES;
				GCC_WARN_UNINITIALIZED_AUTOS = YES_AGGRESSIVE;
				GCC_WARN_UNUSED_FUNCTION = YES;
				GCC_WARN_UNUSED_VARIABLE = YES;
				IPHONEOS_DEPLOYMENT_TARGET = 12.2;
				MTL_ENABLE_DEBUG_INFO = NO;
				MTL_FAST_MATH = YES;
				SDKROOT = iphoneos;
				SWIFT_COMPILATION_MODE = wholemodule;
				SWIFT_OPTIMIZATION_LEVEL = "-O";
				VALIDATE_PRODUCT = YES;
			};
			name = Release;
		};
		08C73CDB22601E7E00F64C98 /* Debug */ = {
			isa = XCBuildConfiguration;
			buildSettings = {
				ASSETCATALOG_COMPILER_APPICON_NAME = AppIcon;
				CODE_SIGN_STYLE = Automatic;
				DEVELOPMENT_TEAM = KZ34P34W9B;
				INFOPLIST_FILE = MovieQueue/Info.plist;
				LD_RUNPATH_SEARCH_PATHS = (
					"$(inherited)",
					"@executable_path/Frameworks",
				);
				PRODUCT_BUNDLE_IDENTIFIER = susanzheng.MovieQueue;
				PRODUCT_NAME = "$(TARGET_NAME)";
				SWIFT_VERSION = 5.0;
				TARGETED_DEVICE_FAMILY = "1,2";
			};
			name = Debug;
		};
		08C73CDC22601E7E00F64C98 /* Release */ = {
			isa = XCBuildConfiguration;
			buildSettings = {
				ASSETCATALOG_COMPILER_APPICON_NAME = AppIcon;
				CODE_SIGN_STYLE = Automatic;
				DEVELOPMENT_TEAM = KZ34P34W9B;
				INFOPLIST_FILE = MovieQueue/Info.plist;
				LD_RUNPATH_SEARCH_PATHS = (
					"$(inherited)",
					"@executable_path/Frameworks",
				);
				PRODUCT_BUNDLE_IDENTIFIER = susanzheng.MovieQueue;
				PRODUCT_NAME = "$(TARGET_NAME)";
				SWIFT_VERSION = 5.0;
				TARGETED_DEVICE_FAMILY = "1,2";
			};
			name = Release;
		};
		08C73CDE22601E7E00F64C98 /* Debug */ = {
			isa = XCBuildConfiguration;
			buildSettings = {
				ALWAYS_EMBED_SWIFT_STANDARD_LIBRARIES = YES;
				BUNDLE_LOADER = "$(TEST_HOST)";
				CODE_SIGN_STYLE = Automatic;
				DEVELOPMENT_TEAM = KZ34P34W9B;
				INFOPLIST_FILE = MovieQueueTests/Info.plist;
				LD_RUNPATH_SEARCH_PATHS = (
					"$(inherited)",
					"@executable_path/Frameworks",
					"@loader_path/Frameworks",
				);
				PRODUCT_BUNDLE_IDENTIFIER = susanzheng.MovieQueueTests;
				PRODUCT_NAME = "$(TARGET_NAME)";
				SWIFT_VERSION = 5.0;
				TARGETED_DEVICE_FAMILY = "1,2";
				TEST_HOST = "$(BUILT_PRODUCTS_DIR)/MovieQueue.app/MovieQueue";
			};
			name = Debug;
		};
		08C73CDF22601E7E00F64C98 /* Release */ = {
			isa = XCBuildConfiguration;
			buildSettings = {
				ALWAYS_EMBED_SWIFT_STANDARD_LIBRARIES = YES;
				BUNDLE_LOADER = "$(TEST_HOST)";
				CODE_SIGN_STYLE = Automatic;
				DEVELOPMENT_TEAM = KZ34P34W9B;
				INFOPLIST_FILE = MovieQueueTests/Info.plist;
				LD_RUNPATH_SEARCH_PATHS = (
					"$(inherited)",
					"@executable_path/Frameworks",
					"@loader_path/Frameworks",
				);
				PRODUCT_BUNDLE_IDENTIFIER = susanzheng.MovieQueueTests;
				PRODUCT_NAME = "$(TARGET_NAME)";
				SWIFT_VERSION = 5.0;
				TARGETED_DEVICE_FAMILY = "1,2";
				TEST_HOST = "$(BUILT_PRODUCTS_DIR)/MovieQueue.app/MovieQueue";
			};
			name = Release;
		};
		08C73CE122601E7E00F64C98 /* Debug */ = {
			isa = XCBuildConfiguration;
			buildSettings = {
				ALWAYS_EMBED_SWIFT_STANDARD_LIBRARIES = YES;
				CODE_SIGN_STYLE = Automatic;
				DEVELOPMENT_TEAM = KZ34P34W9B;
				INFOPLIST_FILE = MovieQueueUITests/Info.plist;
				LD_RUNPATH_SEARCH_PATHS = (
					"$(inherited)",
					"@executable_path/Frameworks",
					"@loader_path/Frameworks",
				);
				PRODUCT_BUNDLE_IDENTIFIER = susanzheng.MovieQueueUITests;
				PRODUCT_NAME = "$(TARGET_NAME)";
				SWIFT_VERSION = 5.0;
				TARGETED_DEVICE_FAMILY = "1,2";
				TEST_TARGET_NAME = MovieQueue;
			};
			name = Debug;
		};
		08C73CE222601E7E00F64C98 /* Release */ = {
			isa = XCBuildConfiguration;
			buildSettings = {
				ALWAYS_EMBED_SWIFT_STANDARD_LIBRARIES = YES;
				CODE_SIGN_STYLE = Automatic;
				DEVELOPMENT_TEAM = KZ34P34W9B;
				INFOPLIST_FILE = MovieQueueUITests/Info.plist;
				LD_RUNPATH_SEARCH_PATHS = (
					"$(inherited)",
					"@executable_path/Frameworks",
					"@loader_path/Frameworks",
				);
				PRODUCT_BUNDLE_IDENTIFIER = susanzheng.MovieQueueUITests;
				PRODUCT_NAME = "$(TARGET_NAME)";
				SWIFT_VERSION = 5.0;
				TARGETED_DEVICE_FAMILY = "1,2";
				TEST_TARGET_NAME = MovieQueue;
			};
			name = Release;
		};
/* End XCBuildConfiguration section */

/* Begin XCConfigurationList section */
		08C73CAD22601E7D00F64C98 /* Build configuration list for PBXProject "MovieQueue" */ = {
			isa = XCConfigurationList;
			buildConfigurations = (
				08C73CD822601E7E00F64C98 /* Debug */,
				08C73CD922601E7E00F64C98 /* Release */,
			);
			defaultConfigurationIsVisible = 0;
			defaultConfigurationName = Release;
		};
		08C73CDA22601E7E00F64C98 /* Build configuration list for PBXNativeTarget "MovieQueue" */ = {
			isa = XCConfigurationList;
			buildConfigurations = (
				08C73CDB22601E7E00F64C98 /* Debug */,
				08C73CDC22601E7E00F64C98 /* Release */,
			);
			defaultConfigurationIsVisible = 0;
			defaultConfigurationName = Release;
		};
		08C73CDD22601E7E00F64C98 /* Build configuration list for PBXNativeTarget "MovieQueueTests" */ = {
			isa = XCConfigurationList;
			buildConfigurations = (
				08C73CDE22601E7E00F64C98 /* Debug */,
				08C73CDF22601E7E00F64C98 /* Release */,
			);
			defaultConfigurationIsVisible = 0;
			defaultConfigurationName = Release;
		};
		08C73CE022601E7E00F64C98 /* Build configuration list for PBXNativeTarget "MovieQueueUITests" */ = {
			isa = XCConfigurationList;
			buildConfigurations = (
				08C73CE122601E7E00F64C98 /* Debug */,
				08C73CE222601E7E00F64C98 /* Release */,
			);
			defaultConfigurationIsVisible = 0;
			defaultConfigurationName = Release;
		};
/* End XCConfigurationList section */
	};
	rootObject = 08C73CAA22601E7D00F64C98 /* Project object */;
}
